{
  "version": 2,
  "packages": {
    "hwylterm": {
      "version": "0.1.0",
      "vcsRevision": "05087cb4f16fe95891860552210b64371835f40d",
      "url": "https://github.com/daylinmorgan/hwylterm",
      "downloadMethod": "git",
      "dependencies": [],
      "checksums": {
        "sha1": "e355411ac09ef7a1c707f508d2d8cf38a7baf86b"
      }
    }
  },
  "tasks": {}
}
